
Microsoft Visual Studio Solution File, Format Version 12.00
# Visual Studio Version 16
VisualStudioVersion = 16.0.34031.81
MinimumVisualStudioVersion = 10.0.40219.1
Project("{FAE04EC0-301F-11D3-BF4B-00C04F79EFBC}") = "RE4_UHD_BIN_TOOL", "RE4_UHD_BIN_TOOL\RE4_UHD_BIN_TOOL.csproj", "{2DAB4144-8DE5-4D91-BF36-E4C96C31980E}"
EndProject
Project("{FAE04EC0-301F-11D3-BF4B-00C04F79EFBC}") = "RE4_PS4NS_BIN_TOOL", "RE4_PS4NS_BIN_TOOL\RE4_PS4NS_BIN_TOOL.csproj", "{B032F333-140C-4C27-A3A8-5199E92B7A0E}"
EndProject
Project("{D954291E-2A0B-460D-934E-DC6B0785DB48}") = "SHARED_UHD_BIN", "SHARED_UHD_BIN\SHARED_UHD_BIN.shproj", "{CECC778E-F665-4C0A-9FC3-76480DDA6BF8}"
EndProject
Project("{D954291E-2A0B-460D-934E-DC6B0785DB48}") = "CjClutter.ObjLoader.Loader", "CjClutter.ObjLoader.Loader\CjClutter.ObjLoader.Loader.shproj", "{8A3A7579-5EF1-448E-A7E3-2BF569F56ED4}"
EndProject
Project("{D954291E-2A0B-460D-934E-DC6B0785DB48}") = "SMD_READER_LIB", "SMD_READER_LIB\SMD_READER_LIB.shproj", "{41D7E25D-2731-4CCC-847A-F54591C4635C}"
EndProject
Global
	GlobalSection(SharedMSBuildProjectFiles) = preSolution
		CjClutter.ObjLoader.Loader\CjClutter.ObjLoader.Loader.projitems*{2dab4144-8de5-4d91-bf36-e4c96c31980e}*SharedItemsImports = 4
		SHARED_UHD_BIN\SHARED_UHD_BIN.projitems*{2dab4144-8de5-4d91-bf36-e4c96c31980e}*SharedItemsImports = 4
		SMD_READER_LIB\SMD_READER_LIB.projitems*{2dab4144-8de5-4d91-bf36-e4c96c31980e}*SharedItemsImports = 4
		SMD_READER_LIB\SMD_READER_LIB.projitems*{41d7e25d-2731-4ccc-847a-f54591c4635c}*SharedItemsImports = 13
		CjClutter.ObjLoader.Loader\CjClutter.ObjLoader.Loader.projitems*{8a3a7579-5ef1-448e-a7e3-2bf569f56ed4}*SharedItemsImports = 13
		CjClutter.ObjLoader.Loader\CjClutter.ObjLoader.Loader.projitems*{b032f333-140c-4c27-a3a8-5199e92b7a0e}*SharedItemsImports = 4
		SHARED_UHD_BIN\SHARED_UHD_BIN.projitems*{b032f333-140c-4c27-a3a8-5199e92b7a0e}*SharedItemsImports = 4
		SMD_READER_LIB\SMD_READER_LIB.projitems*{b032f333-140c-4c27-a3a8-5199e92b7a0e}*SharedItemsImports = 4
		SHARED_UHD_BIN\SHARED_UHD_BIN.projitems*{cecc778e-f665-4c0a-9fc3-76480dda6bf8}*SharedItemsImports = 13
	EndGlobalSection
	GlobalSection(SolutionConfigurationPlatforms) = preSolution
		Debug|Any CPU = Debug|Any CPU
		Release|Any CPU = Release|Any CPU
	EndGlobalSection
	GlobalSection(ProjectConfigurationPlatforms) = postSolution
		{2DAB4144-8DE5-4D91-BF36-E4C96C31980E}.Debug|Any CPU.ActiveCfg = Debug|Any CPU
		{2DAB4144-8DE5-4D91-BF36-E4C96C31980E}.Debug|Any CPU.Build.0 = Debug|Any CPU
		{2DAB4144-8DE5-4D91-BF36-E4C96C31980E}.Release|Any CPU.ActiveCfg = Release|Any CPU
		{2DAB4144-8DE5-4D91-BF36-E4C96C31980E}.Release|Any CPU.Build.0 = Release|Any CPU
		{B032F333-140C-4C27-A3A8-5199E92B7A0E}.Debug|Any CPU.ActiveCfg = Debug|Any CPU
		{B032F333-140C-4C27-A3A8-5199E92B7A0E}.Debug|Any CPU.Build.0 = Debug|Any CPU
		{B032F333-140C-4C27-A3A8-5199E92B7A0E}.Release|Any CPU.ActiveCfg = Release|Any CPU
		{B032F333-140C-4C27-A3A8-5199E92B7A0E}.Release|Any CPU.Build.0 = Release|Any CPU
	EndGlobalSection
	GlobalSection(SolutionProperties) = preSolution
		HideSolutionNode = FALSE
	EndGlobalSection
	GlobalSection(ExtensibilityGlobals) = postSolution
		SolutionGuid = {1E27330E-9A1B-4B90-A11C-8986C63ADEF5}
	EndGlobalSection
EndGlobal
